
Microsoft Visual Studio Solution File, Format Version 12.00
# Visual Studio 15
VisualStudioVersion = 15.0.28010.2041
MinimumVisualStudioVersion = 10.0.40219.1
Project("{FAE04EC0-301F-11D3-BF4B-00C04F79EFBC}") = "FileUploadInMVC", "FileUploadInMVC\FileUploadInMVC.csproj", "{D525D326-4FA9-4286-8DB5-5A4208FF5EC2}"
EndProject
Global
	GlobalSection(SolutionConfigurationPlatforms) = preSolution
		Debug|Any CPU = Debug|Any CPU
		Release|Any CPU = Release|Any CPU
	EndGlobalSection
	GlobalSection(ProjectConfigurationPlatforms) = postSolution
		{D525D326-4FA9-4286-8DB5-5A4208FF5EC2}.Debug|Any CPU.ActiveCfg = Debug|Any CPU
		{D525D326-4FA9-4286-8DB5-5A4208FF5EC2}.Debug|Any CPU.Build.0 = Debug|Any CPU
		{D525D326-4FA9-4286-8DB5-5A4208FF5EC2}.Release|Any CPU.ActiveCfg = Release|Any CPU
		{D525D326-4FA9-4286-8DB5-5A4208FF5EC2}.Release|Any CPU.Build.0 = Release|Any CPU
	EndGlobalSection
	GlobalSection(SolutionProperties) = preSolution
		HideSolutionNode = FALSE
	EndGlobalSection
	GlobalSection(ExtensibilityGlobals) = postSolution
		SolutionGuid = {716C8882-68CA-4ACB-B891-C4AF383215D0}
	EndGlobalSection
EndGlobal
